
Microsoft Visual Studio Solution File, Format Version 12.00
# Visual Studio Version 16
VisualStudioVersion = 16.0.30114.105
MinimumVisualStudioVersion = 10.0.40219.1
Project("{FAE04EC0-301F-11D3-BF4B-00C04F79EFBC}") = "LForth.Net", "LForth.Net\LForth.Net.csproj", "{FD33BFA8-72D0-4F74-ADFF-DF47627BA611}"
EndProject
Project("{FAE04EC0-301F-11D3-BF4B-00C04F79EFBC}") = "LForth.Net.Program", "LForth.Net.Program\LForth.Net.Program.csproj", "{98BE73A6-A63A-4945-A9B4-F5D41C3E216A}"
EndProject
Project("{FAE04EC0-301F-11D3-BF4B-00C04F79EFBC}") = "LForth.Net.Tests", "LForth.Net.Tests\LForth.Net.Tests.csproj", "{F97F9308-6182-44FA-9CC9-2B0E9ACFC687}"
EndProject
Global
	GlobalSection(SolutionConfigurationPlatforms) = preSolution
		Debug|Any CPU = Debug|Any CPU
		Release|Any CPU = Release|Any CPU
	EndGlobalSection
	GlobalSection(SolutionProperties) = preSolution
		HideSolutionNode = FALSE
	EndGlobalSection
	GlobalSection(ProjectConfigurationPlatforms) = postSolution
		{FD33BFA8-72D0-4F74-ADFF-DF47627BA611}.Debug|Any CPU.ActiveCfg = Debug|Any CPU
		{FD33BFA8-72D0-4F74-ADFF-DF47627BA611}.Debug|Any CPU.Build.0 = Debug|Any CPU
		{FD33BFA8-72D0-4F74-ADFF-DF47627BA611}.Release|Any CPU.ActiveCfg = Release|Any CPU
		{FD33BFA8-72D0-4F74-ADFF-DF47627BA611}.Release|Any CPU.Build.0 = Release|Any CPU
		{98BE73A6-A63A-4945-A9B4-F5D41C3E216A}.Debug|Any CPU.ActiveCfg = Debug|Any CPU
		{98BE73A6-A63A-4945-A9B4-F5D41C3E216A}.Debug|Any CPU.Build.0 = Debug|Any CPU
		{98BE73A6-A63A-4945-A9B4-F5D41C3E216A}.Release|Any CPU.ActiveCfg = Release|Any CPU
		{98BE73A6-A63A-4945-A9B4-F5D41C3E216A}.Release|Any CPU.Build.0 = Release|Any CPU
		{F97F9308-6182-44FA-9CC9-2B0E9ACFC687}.Debug|Any CPU.ActiveCfg = Debug|Any CPU
		{F97F9308-6182-44FA-9CC9-2B0E9ACFC687}.Debug|Any CPU.Build.0 = Debug|Any CPU
		{F97F9308-6182-44FA-9CC9-2B0E9ACFC687}.Release|Any CPU.ActiveCfg = Release|Any CPU
		{F97F9308-6182-44FA-9CC9-2B0E9ACFC687}.Release|Any CPU.Build.0 = Release|Any CPU
	EndGlobalSection
EndGlobal
